
Microsoft Visual Studio Solution File, Format Version 12.00
# Visual Studio 15
VisualStudioVersion = 15.0.28307.1209
MinimumVisualStudioVersion = 10.0.40219.1
Project("{FAE04EC0-301F-11D3-BF4B-00C04F79EFBC}") = "A21 Ex02 Ehud 207070715 Eyal 207631656", "A21 Ex01 Ehud 207070715 Eyal 207631656\A21 Ex02 Ehud 207070715 Eyal 207631656.csproj", "{C0098E6F-37D0-4E6C-AF65-A0116CD6FA55}"
EndProject
Global
	GlobalSection(SolutionConfigurationPlatforms) = preSolution
		Debug|Any CPU = Debug|Any CPU
		Release|Any CPU = Release|Any CPU
	EndGlobalSection
	GlobalSection(ProjectConfigurationPlatforms) = postSolution
		{C0098E6F-37D0-4E6C-AF65-A0116CD6FA55}.Debug|Any CPU.ActiveCfg = Debug|Any CPU
		{C0098E6F-37D0-4E6C-AF65-A0116CD6FA55}.Debug|Any CPU.Build.0 = Debug|Any CPU
		{C0098E6F-37D0-4E6C-AF65-A0116CD6FA55}.Release|Any CPU.ActiveCfg = Release|Any CPU
		{C0098E6F-37D0-4E6C-AF65-A0116CD6FA55}.Release|Any CPU.Build.0 = Release|Any CPU
	EndGlobalSection
	GlobalSection(SolutionProperties) = preSolution
		HideSolutionNode = FALSE
	EndGlobalSection
	GlobalSection(ExtensibilityGlobals) = postSolution
		SolutionGuid = {75FC83CB-D7A8-4415-BAC4-EC7111A00B74}
	EndGlobalSection
EndGlobal
